
Microsoft Visual Studio Solution File, Format Version 12.00
# Visual Studio Version 16
VisualStudioVersion = 16.0.31624.102
MinimumVisualStudioVersion = 10.0.40219.1
Project("{888888A0-9F3D-457C-B088-3A5042F75D52}") = "Task01_3", "Task01_3.pyproj", "{E034EA18-3167-4BFB-85FF-9B7095E3742F}"
EndProject
Global
	GlobalSection(SolutionConfigurationPlatforms) = preSolution
		Debug|Any CPU = Debug|Any CPU
		Release|Any CPU = Release|Any CPU
	EndGlobalSection
	GlobalSection(ProjectConfigurationPlatforms) = postSolution
		{E034EA18-3167-4BFB-85FF-9B7095E3742F}.Debug|Any CPU.ActiveCfg = Debug|Any CPU
		{E034EA18-3167-4BFB-85FF-9B7095E3742F}.Release|Any CPU.ActiveCfg = Release|Any CPU
	EndGlobalSection
	GlobalSection(SolutionProperties) = preSolution
		HideSolutionNode = FALSE
	EndGlobalSection
	GlobalSection(ExtensibilityGlobals) = postSolution
		SolutionGuid = {0779FF86-B84F-45F9-B841-B271EBC08D54}
	EndGlobalSection
EndGlobal
