
Microsoft Visual Studio Solution File, Format Version 12.00
# Visual Studio Version 16
VisualStudioVersion = 16.0.31624.102
MinimumVisualStudioVersion = 10.0.40219.1
Project("{888888A0-9F3D-457C-B088-3A5042F75D52}") = "Task03_3", "Task03_3.pyproj", "{45FFD2F1-4FAA-4B53-8AE0-99A5E460F23E}"
EndProject
Global
	GlobalSection(SolutionConfigurationPlatforms) = preSolution
		Debug|Any CPU = Debug|Any CPU
		Release|Any CPU = Release|Any CPU
	EndGlobalSection
	GlobalSection(ProjectConfigurationPlatforms) = postSolution
		{45FFD2F1-4FAA-4B53-8AE0-99A5E460F23E}.Debug|Any CPU.ActiveCfg = Debug|Any CPU
		{45FFD2F1-4FAA-4B53-8AE0-99A5E460F23E}.Release|Any CPU.ActiveCfg = Release|Any CPU
	EndGlobalSection
	GlobalSection(SolutionProperties) = preSolution
		HideSolutionNode = FALSE
	EndGlobalSection
	GlobalSection(ExtensibilityGlobals) = postSolution
		SolutionGuid = {0B0725EF-EFE0-4C9A-B046-3D275F1B8AE8}
	EndGlobalSection
EndGlobal
