
Microsoft Visual Studio Solution File, Format Version 12.00
# Visual Studio Version 16
VisualStudioVersion = 16.0.31624.102
MinimumVisualStudioVersion = 10.0.40219.1
Project("{888888A0-9F3D-457C-B088-3A5042F75D52}") = "Task01_2", "Task01_2.pyproj", "{6CC33839-0750-4720-9BB8-1826882CFDD3}"
EndProject
Global
	GlobalSection(SolutionConfigurationPlatforms) = preSolution
		Debug|Any CPU = Debug|Any CPU
		Release|Any CPU = Release|Any CPU
	EndGlobalSection
	GlobalSection(ProjectConfigurationPlatforms) = postSolution
		{6CC33839-0750-4720-9BB8-1826882CFDD3}.Debug|Any CPU.ActiveCfg = Debug|Any CPU
		{6CC33839-0750-4720-9BB8-1826882CFDD3}.Release|Any CPU.ActiveCfg = Release|Any CPU
	EndGlobalSection
	GlobalSection(SolutionProperties) = preSolution
		HideSolutionNode = FALSE
	EndGlobalSection
	GlobalSection(ExtensibilityGlobals) = postSolution
		SolutionGuid = {72DD3E9E-9D6B-4C87-82E7-E13514B6529E}
	EndGlobalSection
EndGlobal
