
Microsoft Visual Studio Solution File, Format Version 12.00
# Visual Studio Version 16
VisualStudioVersion = 16.0.31624.102
MinimumVisualStudioVersion = 10.0.40219.1
Project("{888888A0-9F3D-457C-B088-3A5042F75D52}") = "filters", "filters.pyproj", "{5A9E568E-782F-4480-BC04-E3F342B0EAE8}"
EndProject
Global
	GlobalSection(SolutionConfigurationPlatforms) = preSolution
		Debug|Any CPU = Debug|Any CPU
		Release|Any CPU = Release|Any CPU
	EndGlobalSection
	GlobalSection(ProjectConfigurationPlatforms) = postSolution
		{5A9E568E-782F-4480-BC04-E3F342B0EAE8}.Debug|Any CPU.ActiveCfg = Debug|Any CPU
		{5A9E568E-782F-4480-BC04-E3F342B0EAE8}.Release|Any CPU.ActiveCfg = Release|Any CPU
	EndGlobalSection
	GlobalSection(SolutionProperties) = preSolution
		HideSolutionNode = FALSE
	EndGlobalSection
	GlobalSection(ExtensibilityGlobals) = postSolution
		SolutionGuid = {BA90B9BD-4D1F-467B-88AA-2C68D71131F9}
	EndGlobalSection
EndGlobal
